{
  "name": "hvac_dev",
  "version": "1.0.0",
  "lockfileVersion": 3,
  "requires": true,
  "packages": {
    "": {
      "name": "hvac_dev",
      "version": "1.0.0",
      "license": "ISC",
      "dependencies": {
        "libavoid-js": "^0.5.0-beta.5"
      }
    },
    "node_modules/libavoid-js": {
      "version": "0.5.0-beta.5",
      "resolved": "https://registry.npmjs.org/libavoid-js/-/libavoid-js-0.5.0-beta.5.tgz",
      "integrity": "sha512-jHkn6A10815TgFhZ1paUD/NDnQkg4C66qJc2Juj1NpmO/+QXnJ4UjIdKQarkXLmI/QgXhEO3RWDxMi3i+uHPwA==",
      "license": "LGPL-2.1-or-later"
    }
  }
}
